
Microsoft Visual Studio Solution File, Format Version 12.00
# Visual Studio Version 16
VisualStudioVersion = 16.0.31105.61
MinimumVisualStudioVersion = 10.0.40219.1
Project("{FAE04EC0-301F-11D3-BF4B-00C04F79EFBC}") = "Task7", "Task7.csproj", "{D9CBFA02-F901-428D-BC1D-2BE23ADE7012}"
EndProject
Global
	GlobalSection(SolutionConfigurationPlatforms) = preSolution
		Debug|Any CPU = Debug|Any CPU
		Release|Any CPU = Release|Any CPU
	EndGlobalSection
	GlobalSection(ProjectConfigurationPlatforms) = postSolution
		{D9CBFA02-F901-428D-BC1D-2BE23ADE7012}.Debug|Any CPU.ActiveCfg = Debug|Any CPU
		{D9CBFA02-F901-428D-BC1D-2BE23ADE7012}.Debug|Any CPU.Build.0 = Debug|Any CPU
		{D9CBFA02-F901-428D-BC1D-2BE23ADE7012}.Release|Any CPU.ActiveCfg = Release|Any CPU
		{D9CBFA02-F901-428D-BC1D-2BE23ADE7012}.Release|Any CPU.Build.0 = Release|Any CPU
	EndGlobalSection
	GlobalSection(SolutionProperties) = preSolution
		HideSolutionNode = FALSE
	EndGlobalSection
	GlobalSection(ExtensibilityGlobals) = postSolution
		SolutionGuid = {39357060-C98F-405C-A5FB-62E1CDBDD75D}
	EndGlobalSection
EndGlobal
